// !$*UTF8*$!
{
	archiveVersion = 1;
	classes = {
	};
	objectVersion = 51;
	objects = {

/* Begin PBXBuildFile section */
		1B45BC32E03F4427F485E327 /* Pods_Viapresse.framework in Frameworks */ = {isa = PBXBuildFile; fileRef = 27963F728824B546D47B56B2 /* Pods_Viapresse.framework */; };
		D718EAB6250FD5C4007742D8 /* CarouselViewController.swift in Sources */ = {isa = PBXBuildFile; fileRef = D718EAB5250FD5C4007742D8 /* CarouselViewController.swift */; };
		D718EAB825100F27007742D8 /* Issue.swift in Sources */ = {isa = PBXBuildFile; fileRef = D718EAB725100F27007742D8 /* Issue.swift */; };
		D75D4B6C2511052F003BE9C6 /* DetailsViewController.swift in Sources */ = {isa = PBXBuildFile; fileRef = D75D4B6B2511052F003BE9C6 /* DetailsViewController.swift */; };
		D75D4B6E25110D92003BE9C6 /* Details.swift in Sources */ = {isa = PBXBuildFile; fileRef = D75D4B6D25110D92003BE9C6 /* Details.swift */; };
		D7EF88FF250EEB7F001C99A1 /* AppDelegate.swift in Sources */ = {isa = PBXBuildFile; fileRef = D7EF88FE250EEB7F001C99A1 /* AppDelegate.swift */; };
		D7EF8901250EEB7F001C99A1 /* SceneDelegate.swift in Sources */ = {isa = PBXBuildFile; fileRef = D7EF8900250EEB7F001C99A1 /* SceneDelegate.swift */; };
		D7EF8906250EEB7F001C99A1 /* Main.storyboard in Resources */ = {isa = PBXBuildFile; fileRef = D7EF8904250EEB7F001C99A1 /* Main.storyboard */; };
		D7EF8908250EEB81001C99A1 /* Assets.xcassets in Resources */ = {isa = PBXBuildFile; fileRef = D7EF8907250EEB81001C99A1 /* Assets.xcassets */; };
		D7EF890B250EEB81001C99A1 /* LaunchScreen.storyboard in Resources */ = {isa = PBXBuildFile; fileRef = D7EF8909250EEB81001C99A1 /* LaunchScreen.storyboard */; };
		D7EF8913250EEC7D001C99A1 /* PresseTableViewController.swift in Sources */ = {isa = PBXBuildFile; fileRef = D7EF8912250EEC7D001C99A1 /* PresseTableViewController.swift */; };
		D7EF8915250EED2C001C99A1 /* PresseTableViewCell.swift in Sources */ = {isa = PBXBuildFile; fileRef = D7EF8914250EED2C001C99A1 /* PresseTableViewCell.swift */; };
		D7EF8917250EEEF6001C99A1 /* Category.swift in Sources */ = {isa = PBXBuildFile; fileRef = D7EF8916250EEEF6001C99A1 /* Category.swift */; };
/* End PBXBuildFile section */

/* Begin PBXFileReference section */
		27963F728824B546D47B56B2 /* Pods_Viapresse.framework */ = {isa = PBXFileReference; explicitFileType = wrapper.framework; includeInIndex = 0; path = Pods_Viapresse.framework; sourceTree = BUILT_PRODUCTS_DIR; };
		3D00BAEEFE5C617241A95AFC /* Pods-Viapresse.release.xcconfig */ = {isa = PBXFileReference; includeInIndex = 1; lastKnownFileType = text.xcconfig; name = "Pods-Viapresse.release.xcconfig"; path = "Target Support Files/Pods-Viapresse/Pods-Viapresse.release.xcconfig"; sourceTree = "<group>"; };
		9DE58EA81685FC6C963D1DDE /* Pods-Viapresse.debug.xcconfig */ = {isa = PBXFileReference; includeInIndex = 1; lastKnownFileType = text.xcconfig; name = "Pods-Viapresse.debug.xcconfig"; path = "Target Support Files/Pods-Viapresse/Pods-Viapresse.debug.xcconfig"; sourceTree = "<group>"; };
		D718EAB5250FD5C4007742D8 /* CarouselViewController.swift */ = {isa = PBXFileReference; lastKnownFileType = sourcecode.swift; path = CarouselViewController.swift; sourceTree = "<group>"; };
		D718EAB725100F27007742D8 /* Issue.swift */ = {isa = PBXFileReference; lastKnownFileType = sourcecode.swift; path = Issue.swift; sourceTree = "<group>"; };
		D75D4B6B2511052F003BE9C6 /* DetailsViewController.swift */ = {isa = PBXFileReference; lastKnownFileType = sourcecode.swift; path = DetailsViewController.swift; sourceTree = "<group>"; };
		D75D4B6D25110D92003BE9C6 /* Details.swift */ = {isa = PBXFileReference; lastKnownFileType = sourcecode.swift; path = Details.swift; sourceTree = "<group>"; };
		D7EF88FB250EEB7F001C99A1 /* Viapresse.app */ = {isa = PBXFileReference; explicitFileType = wrapper.application; includeInIndex = 0; path = Viapresse.app; sourceTree = BUILT_PRODUCTS_DIR; };
		D7EF88FE250EEB7F001C99A1 /* AppDelegate.swift */ = {isa = PBXFileReference; lastKnownFileType = sourcecode.swift; path = AppDelegate.swift; sourceTree = "<group>"; };
		D7EF8900250EEB7F001C99A1 /* SceneDelegate.swift */ = {isa = PBXFileReference; lastKnownFileType = sourcecode.swift; path = SceneDelegate.swift; sourceTree = "<group>"; };
		D7EF8905250EEB7F001C99A1 /* Base */ = {isa = PBXFileReference; lastKnownFileType = file.storyboard; name = Base; path = Base.lproj/Main.storyboard; sourceTree = "<group>"; };
		D7EF8907250EEB81001C99A1 /* Assets.xcassets */ = {isa = PBXFileReference; lastKnownFileType = folder.assetcatalog; path = Assets.xcassets; sourceTree = "<group>"; };
		D7EF890A250EEB81001C99A1 /* Base */ = {isa = PBXFileReference; lastKnownFileType = file.storyboard; name = Base; path = Base.lproj/LaunchScreen.storyboard; sourceTree = "<group>"; };
		D7EF890C250EEB81001C99A1 /* Info.plist */ = {isa = PBXFileReference; lastKnownFileType = text.plist.xml; path = Info.plist; sourceTree = "<group>"; };
		D7EF8912250EEC7D001C99A1 /* PresseTableViewController.swift */ = {isa = PBXFileReference; lastKnownFileType = sourcecode.swift; path = PresseTableViewController.swift; sourceTree = "<group>"; };
		D7EF8914250EED2C001C99A1 /* PresseTableViewCell.swift */ = {isa = PBXFileReference; lastKnownFileType = sourcecode.swift; path = PresseTableViewCell.swift; sourceTree = "<group>"; };
		D7EF8916250EEEF6001C99A1 /* Category.swift */ = {isa = PBXFileReference; lastKnownFileType = sourcecode.swift; path = Category.swift; sourceTree = "<group>"; };
/* End PBXFileReference section */

/* Begin PBXFrameworksBuildPhase section */
		D7EF88F8250EEB7F001C99A1 /* Frameworks */ = {
			isa = PBXFrameworksBuildPhase;
			buildActionMask = 2147483647;
			files = (
				1B45BC32E03F4427F485E327 /* Pods_Viapresse.framework in Frameworks */,
			);
			runOnlyForDeploymentPostprocessing = 0;
		};
/* End PBXFrameworksBuildPhase section */

/* Begin PBXGroup section */
		067067929BE494780D12449E /* Pods */ = {
			isa = PBXGroup;
			children = (
				9DE58EA81685FC6C963D1DDE /* Pods-Viapresse.debug.xcconfig */,
				3D00BAEEFE5C617241A95AFC /* Pods-Viapresse.release.xcconfig */,
			);
			path = Pods;
			sourceTree = "<group>";
		};
		C092078B52927D27B7A20B07 /* Frameworks */ = {
			isa = PBXGroup;
			children = (
				27963F728824B546D47B56B2 /* Pods_Viapresse.framework */,
			);
			name = Frameworks;
			sourceTree = "<group>";
		};
		D7EF88F2250EEB7F001C99A1 = {
			isa = PBXGroup;
			children = (
				D7EF88FD250EEB7F001C99A1 /* Viapresse */,
				D7EF88FC250EEB7F001C99A1 /* Products */,
				067067929BE494780D12449E /* Pods */,
				C092078B52927D27B7A20B07 /* Frameworks */,
			);
			sourceTree = "<group>";
		};
		D7EF88FC250EEB7F001C99A1 /* Products */ = {
			isa = PBXGroup;
			children = (
				D7EF88FB250EEB7F001C99A1 /* Viapresse.app */,
			);
			name = Products;
			sourceTree = "<group>";
		};
		D7EF88FD250EEB7F001C99A1 /* Viapresse */ = {
			isa = PBXGroup;
			children = (
				D7EF88FE250EEB7F001C99A1 /* AppDelegate.swift */,
				D7EF8900250EEB7F001C99A1 /* SceneDelegate.swift */,
				D7EF8904250EEB7F001C99A1 /* Main.storyboard */,
				D7EF8907250EEB81001C99A1 /* Assets.xcassets */,
				D7EF8909250EEB81001C99A1 /* LaunchScreen.storyboard */,
				D7EF890C250EEB81001C99A1 /* Info.plist */,
				D7EF8912250EEC7D001C99A1 /* PresseTableViewController.swift */,
				D7EF8914250EED2C001C99A1 /* PresseTableViewCell.swift */,
				D7EF8916250EEEF6001C99A1 /* Category.swift */,
				D718EAB5250FD5C4007742D8 /* CarouselViewController.swift */,
				D718EAB725100F27007742D8 /* Issue.swift */,
				D75D4B6B2511052F003BE9C6 /* DetailsViewController.swift */,
				D75D4B6D25110D92003BE9C6 /* Details.swift */,
			);
			path = Viapresse;
			sourceTree = "<group>";
		};
/* End PBXGroup section */

/* Begin PBXNativeTarget section */
		D7EF88FA250EEB7F001C99A1 /* Viapresse */ = {
			isa = PBXNativeTarget;
			buildConfigurationList = D7EF890F250EEB81001C99A1 /* Build configuration list for PBXNativeTarget "Viapresse" */;
			buildPhases = (
				21193F09086CB3106C7248C6 /* [CP] Check Pods Manifest.lock */,
				D7EF88F7250EEB7F001C99A1 /* Sources */,
				D7EF88F8250EEB7F001C99A1 /* Frameworks */,
				D7EF88F9250EEB7F001C99A1 /* Resources */,
				EA539B01D13A083DBCC7B99A /* [CP] Embed Pods Frameworks */,
			);
			buildRules = (
			);
			dependencies = (
			);
			name = Viapresse;
			productName = Viapresse;
			productReference = D7EF88FB250EEB7F001C99A1 /* Viapresse.app */;
			productType = "com.apple.product-type.application";
		};
/* End PBXNativeTarget section */

/* Begin PBXProject section */
		D7EF88F3250EEB7F001C99A1 /* Project object */ = {
			isa = PBXProject;
			attributes = {
				LastSwiftUpdateCheck = 1130;
				LastUpgradeCheck = 1130;
				ORGANIZATIONNAME = "Axel Imberdis";
				TargetAttributes = {
					D7EF88FA250EEB7F001C99A1 = {
						CreatedOnToolsVersion = 11.3.1;
					};
				};
			};
			buildConfigurationList = D7EF88F6250EEB7F001C99A1 /* Build configuration list for PBXProject "Viapresse" */;
			compatibilityVersion = "Xcode 9.3";
			developmentRegion = en;
			hasScannedForEncodings = 0;
			knownRegions = (
				en,
				Base,
			);
			mainGroup = D7EF88F2250EEB7F001C99A1;
			productRefGroup = D7EF88FC250EEB7F001C99A1 /* Products */;
			projectDirPath = "";
			projectRoot = "";
			targets = (
				D7EF88FA250EEB7F001C99A1 /* Viapresse */,
			);
		};
/* End PBXProject section */

/* Begin PBXResourcesBuildPhase section */
		D7EF88F9250EEB7F001C99A1 /* Resources */ = {
			isa = PBXResourcesBuildPhase;
			buildActionMask = 2147483647;
			files = (
				D7EF890B250EEB81001C99A1 /* LaunchScreen.storyboard in Resources */,
				D7EF8908250EEB81001C99A1 /* Assets.xcassets in Resources */,
				D7EF8906250EEB7F001C99A1 /* Main.storyboard in Resources */,
			);
			runOnlyForDeploymentPostprocessing = 0;
		};
/* End PBXResourcesBuildPhase section */

/* Begin PBXShellScriptBuildPhase section */
		21193F09086CB3106C7248C6 /* [CP] Check Pods Manifest.lock */ = {
			isa = PBXShellScriptBuildPhase;
			buildActionMask = 2147483647;
			files = (
			);
			inputFileListPaths = (
			);
			inputPaths = (
				"${PODS_PODFILE_DIR_PATH}/Podfile.lock",
				"${PODS_ROOT}/Manifest.lock",
			);
			name = "[CP] Check Pods Manifest.lock";
			outputFileListPaths = (
			);
			outputPaths = (
				"$(DERIVED_FILE_DIR)/Pods-Viapresse-checkManifestLockResult.txt",
			);
			runOnlyForDeploymentPostprocessing = 0;
			shellPath = /bin/sh;
			shellScript = "diff \"${PODS_PODFILE_DIR_PATH}/Podfile.lock\" \"${PODS_ROOT}/Manifest.lock\" > /dev/null\nif [ $? != 0 ] ; then\n    # print error to STDERR\n    echo \"error: The sandbox is not in sync with the Podfile.lock. Run 'pod install' or update your CocoaPods installation.\" >&2\n    exit 1\nfi\n# This output is used by Xcode 'outputs' to avoid re-running this script phase.\necho \"SUCCESS\" > \"${SCRIPT_OUTPUT_FILE_0}\"\n";
			showEnvVarsInLog = 0;
		};
		EA539B01D13A083DBCC7B99A /* [CP] Embed Pods Frameworks */ = {
			isa = PBXShellScriptBuildPhase;
			buildActionMask = 2147483647;
			files = (
			);
			inputFileListPaths = (
				"${PODS_ROOT}/Target Support Files/Pods-Viapresse/Pods-Viapresse-frameworks-${CONFIGURATION}-input-files.xcfilelist",
			);
			name = "[CP] Embed Pods Frameworks";
			outputFileListPaths = (
				"${PODS_ROOT}/Target Support Files/Pods-Viapresse/Pods-Viapresse-frameworks-${CONFIGURATION}-output-files.xcfilelist",
			);
			runOnlyForDeploymentPostprocessing = 0;
			shellPath = /bin/sh;
			shellScript = "\"${PODS_ROOT}/Target Support Files/Pods-Viapresse/Pods-Viapresse-frameworks.sh\"\n";
			showEnvVarsInLog = 0;
		};
/* End PBXShellScriptBuildPhase section */

/* Begin PBXSourcesBuildPhase section */
		D7EF88F7250EEB7F001C99A1 /* Sources */ = {
			isa = PBXSourcesBuildPhase;
			buildActionMask = 2147483647;
			files = (
				D7EF88FF250EEB7F001C99A1 /* AppDelegate.swift in Sources */,
				D718EAB825100F27007742D8 /* Issue.swift in Sources */,
				D75D4B6C2511052F003BE9C6 /* DetailsViewController.swift in Sources */,
				D7EF8917250EEEF6001C99A1 /* Category.swift in Sources */,
				D7EF8915250EED2C001C99A1 /* PresseTableViewCell.swift in Sources */,
				D7EF8901250EEB7F001C99A1 /* SceneDelegate.swift in Sources */,
				D75D4B6E25110D92003BE9C6 /* Details.swift in Sources */,
				D718EAB6250FD5C4007742D8 /* CarouselViewController.swift in Sources */,
				D7EF8913250EEC7D001C99A1 /* PresseTableViewController.swift in Sources */,
			);
			runOnlyForDeploymentPostprocessing = 0;
		};
/* End PBXSourcesBuildPhase section */

/* Begin PBXVariantGroup section */
		D7EF8904250EEB7F001C99A1 /* Main.storyboard */ = {
			isa = PBXVariantGroup;
			children = (
				D7EF8905250EEB7F001C99A1 /* Base */,
			);
			name = Main.storyboard;
			sourceTree = "<group>";
		};
		D7EF8909250EEB81001C99A1 /* LaunchScreen.storyboard */ = {
			isa = PBXVariantGroup;
			children = (
				D7EF890A250EEB81001C99A1 /* Base */,
			);
			name = LaunchScreen.storyboard;
			sourceTree = "<group>";
		};
/* End PBXVariantGroup section */

/* Begin XCBuildConfiguration section */
		D7EF890D250EEB81001C99A1 /* Debug */ = {
			isa = XCBuildConfiguration;
			buildSettings = {
				ALWAYS_SEARCH_USER_PATHS = NO;
				CLANG_ANALYZER_NONNULL = YES;
				CLANG_ANALYZER_NUMBER_OBJECT_CONVERSION = YES_AGGRESSIVE;
				CLANG_CXX_LANGUAGE_STANDARD = "gnu++14";
				CLANG_CXX_LIBRARY = "libc++";
				CLANG_ENABLE_MODULES = YES;
				CLANG_ENABLE_OBJC_ARC = YES;
				CLANG_ENABLE_OBJC_WEAK = YES;
				CLANG_WARN_BLOCK_CAPTURE_AUTORELEASING = YES;
				CLANG_WARN_BOOL_CONVERSION = YES;
				CLANG_WARN_COMMA = YES;
				CLANG_WARN_CONSTANT_CONVERSION = YES;
				CLANG_WARN_DEPRECATED_OBJC_IMPLEMENTATIONS = YES;
				CLANG_WARN_DIRECT_OBJC_ISA_USAGE = YES_ERROR;
				CLANG_WARN_DOCUMENTATION_COMMENTS = YES;
				CLANG_WARN_EMPTY_BODY = YES;
				CLANG_WARN_ENUM_CONVERSION = YES;
				CLANG_WARN_INFINITE_RECURSION = YES;
				CLANG_WARN_INT_CONVERSION = YES;
				CLANG_WARN_NON_LITERAL_NULL_CONVERSION = YES;
				CLANG_WARN_OBJC_IMPLICIT_RETAIN_SELF = YES;
				CLANG_WARN_OBJC_LITERAL_CONVERSION = YES;
				CLANG_WARN_OBJC_ROOT_CLASS = YES_ERROR;
				CLANG_WARN_RANGE_LOOP_ANALYSIS = YES;
				CLANG_WARN_STRICT_PROTOTYPES = YES;
				CLANG_WARN_SUSPICIOUS_MOVE = YES;
				CLANG_WARN_UNGUARDED_AVAILABILITY = YES_AGGRESSIVE;
				CLANG_WARN_UNREACHABLE_CODE = YES;
				CLANG_WARN__DUPLICATE_METHOD_MATCH = YES;
				COPY_PHASE_STRIP = NO;
				DEBUG_INFORMATION_FORMAT = dwarf;
				ENABLE_STRICT_OBJC_MSGSEND = YES;
				ENABLE_TESTABILITY = YES;
				GCC_C_LANGUAGE_STANDARD = gnu11;
				GCC_DYNAMIC_NO_PIC = NO;
				GCC_NO_COMMON_BLOCKS = YES;
				GCC_OPTIMIZATION_LEVEL = 0;
				GCC_PREPROCESSOR_DEFINITIONS = (
					"DEBUG=1",
					"$(inherited)",
				);
				GCC_WARN_64_TO_32_BIT_CONVERSION = YES;
				GCC_WARN_ABOUT_RETURN_TYPE = YES_ERROR;
				GCC_WARN_UNDECLARED_SELECTOR = YES;
				GCC_WARN_UNINITIALIZED_AUTOS = YES_AGGRESSIVE;
				GCC_WARN_UNUSED_FUNCTION = YES;
				GCC_WARN_UNUSED_VARIABLE = YES;
				IPHONEOS_DEPLOYMENT_TARGET = 13.2;
				MTL_ENABLE_DEBUG_INFO = INCLUDE_SOURCE;
				MTL_FAST_MATH = YES;
				ONLY_ACTIVE_ARCH = YES;
				SDKROOT = iphoneos;
				SWIFT_ACTIVE_COMPILATION_CONDITIONS = DEBUG;
				SWIFT_OPTIMIZATION_LEVEL = "-Onone";
			};
			name = Debug;
		};
		D7EF890E250EEB81001C99A1 /* Release */ = {
			isa = XCBuildConfiguration;
			buildSettings = {
				ALWAYS_SEARCH_USER_PATHS = NO;
				CLANG_ANALYZER_NONNULL = YES;
				CLANG_ANALYZER_NUMBER_OBJECT_CONVERSION = YES_AGGRESSIVE;
				CLANG_CXX_LANGUAGE_STANDARD = "gnu++14";
				CLANG_CXX_LIBRARY = "libc++";
				CLANG_ENABLE_MODULES = YES;
				CLANG_ENABLE_OBJC_ARC = YES;
				CLANG_ENABLE_OBJC_WEAK = YES;
				CLANG_WARN_BLOCK_CAPTURE_AUTORELEASING = YES;
				CLANG_WARN_BOOL_CONVERSION = YES;
				CLANG_WARN_COMMA = YES;
				CLANG_WARN_CONSTANT_CONVERSION = YES;
				CLANG_WARN_DEPRECATED_OBJC_IMPLEMENTATIONS = YES;
				CLANG_WARN_DIRECT_OBJC_ISA_USAGE = YES_ERROR;
				CLANG_WARN_DOCUMENTATION_COMMENTS = YES;
				CLANG_WARN_EMPTY_BODY = YES;
				CLANG_WARN_ENUM_CONVERSION = YES;
				CLANG_WARN_INFINITE_RECURSION = YES;
				CLANG_WARN_INT_CONVERSION = YES;
				CLANG_WARN_NON_LITERAL_NULL_CONVERSION = YES;
				CLANG_WARN_OBJC_IMPLICIT_RETAIN_SELF = YES;
				CLANG_WARN_OBJC_LITERAL_CONVERSION = YES;
				CLANG_WARN_OBJC_ROOT_CLASS = YES_ERROR;
				CLANG_WARN_RANGE_LOOP_ANALYSIS = YES;
				CLANG_WARN_STRICT_PROTOTYPES = YES;
				CLANG_WARN_SUSPICIOUS_MOVE = YES;
				CLANG_WARN_UNGUARDED_AVAILABILITY = YES_AGGRESSIVE;
				CLANG_WARN_UNREACHABLE_CODE = YES;
				CLANG_WARN__DUPLICATE_METHOD_MATCH = YES;
				COPY_PHASE_STRIP = NO;
				DEBUG_INFORMATION_FORMAT = "dwarf-with-dsym";
				ENABLE_NS_ASSERTIONS = NO;
				ENABLE_STRICT_OBJC_MSGSEND = YES;
				GCC_C_LANGUAGE_STANDARD = gnu11;
				GCC_NO_COMMON_BLOCKS = YES;
				GCC_WARN_64_TO_32_BIT_CONVERSION = YES;
				GCC_WARN_ABOUT_RETURN_TYPE = YES_ERROR;
				GCC_WARN_UNDECLARED_SELECTOR = YES;
				GCC_WARN_UNINITIALIZED_AUTOS = YES_AGGRESSIVE;
				GCC_WARN_UNUSED_FUNCTION = YES;
				GCC_WARN_UNUSED_VARIABLE = YES;
				IPHONEOS_DEPLOYMENT_TARGET = 13.2;
				MTL_ENABLE_DEBUG_INFO = NO;
				MTL_FAST_MATH = YES;
				SDKROOT = iphoneos;
				SWIFT_COMPILATION_MODE = wholemodule;
				SWIFT_OPTIMIZATION_LEVEL = "-O";
				VALIDATE_PRODUCT = YES;
			};
			name = Release;
		};
		D7EF8910250EEB81001C99A1 /* Debug */ = {
			isa = XCBuildConfiguration;
			baseConfigurationReference = 9DE58EA81685FC6C963D1DDE /* Pods-Viapresse.debug.xcconfig */;
			buildSettings = {
				ASSETCATALOG_COMPILER_APPICON_NAME = AppIcon;
				CODE_SIGN_STYLE = Automatic;
				DEVELOPMENT_TEAM = C3AW84393A;
				INFOPLIST_FILE = Viapresse/Info.plist;
				LD_RUNPATH_SEARCH_PATHS = (
					"$(inherited)",
					"@executable_path/Frameworks",
				);
				PRODUCT_BUNDLE_IDENTIFIER = com.axelimberdis.Viapresse;
				PRODUCT_NAME = "$(TARGET_NAME)";
				SWIFT_VERSION = 5.0;
				TARGETED_DEVICE_FAMILY = "1,2";
			};
			name = Debug;
		};
		D7EF8911250EEB81001C99A1 /* Release */ = {
			isa = XCBuildConfiguration;
			baseConfigurationReference = 3D00BAEEFE5C617241A95AFC /* Pods-Viapresse.release.xcconfig */;
			buildSettings = {
				ASSETCATALOG_COMPILER_APPICON_NAME = AppIcon;
				CODE_SIGN_STYLE = Automatic;
				DEVELOPMENT_TEAM = C3AW84393A;
				INFOPLIST_FILE = Viapresse/Info.plist;
				LD_RUNPATH_SEARCH_PATHS = (
					"$(inherited)",
					"@executable_path/Frameworks",
				);
				PRODUCT_BUNDLE_IDENTIFIER = com.axelimberdis.Viapresse;
				PRODUCT_NAME = "$(TARGET_NAME)";
				SWIFT_VERSION = 5.0;
				TARGETED_DEVICE_FAMILY = "1,2";
			};
			name = Release;
		};
/* End XCBuildConfiguration section */

/* Begin XCConfigurationList section */
		D7EF88F6250EEB7F001C99A1 /* Build configuration list for PBXProject "Viapresse" */ = {
			isa = XCConfigurationList;
			buildConfigurations = (
				D7EF890D250EEB81001C99A1 /* Debug */,
				D7EF890E250EEB81001C99A1 /* Release */,
			);
			defaultConfigurationIsVisible = 0;
			defaultConfigurationName = Release;
		};
		D7EF890F250EEB81001C99A1 /* Build configuration list for PBXNativeTarget "Viapresse" */ = {
			isa = XCConfigurationList;
			buildConfigurations = (
				D7EF8910250EEB81001C99A1 /* Debug */,
				D7EF8911250EEB81001C99A1 /* Release */,
			);
			defaultConfigurationIsVisible = 0;
			defaultConfigurationName = Release;
		};
/* End XCConfigurationList section */
	};
	rootObject = D7EF88F3250EEB7F001C99A1 /* Project object */;
}
